
Microsoft Visual Studio Solution File, Format Version 12.00
# Visual Studio 15
VisualStudioVersion = 15.0.28010.2026
MinimumVisualStudioVersion = 10.0.40219.1
Project("{8BC9CEB8-8B4A-11D0-8D11-00A0C91BC942}") = "Light Vox Engine", "Light Vox Engine\Light Vox Engine.vcxproj", "{5D4FABF3-0580-4263-B996-D711CC8064BE}"
EndProject
Project("{8BC9CEB8-8B4A-11D0-8D11-00A0C91BC942}") = "LightVox_UnitTests", "LightVox_UnitTests\LightVox_UnitTests.vcxproj", "{7F443EDB-34C8-480F-A210-072357CEC8C9}"
	ProjectSection(ProjectDependencies) = postProject
		{5D4FABF3-0580-4263-B996-D711CC8064BE} = {5D4FABF3-0580-4263-B996-D711CC8064BE}
	EndProjectSection
EndProject
Global
	GlobalSection(Performance) = preSolution
		HasPerformanceSessions = true
	EndGlobalSection
	GlobalSection(SolutionConfigurationPlatforms) = preSolution
		Debug|x64 = Debug|x64
		Debug|x86 = Debug|x86
		Release|x64 = Release|x64
		Release|x86 = Release|x86
	EndGlobalSection
	GlobalSection(ProjectConfigurationPlatforms) = postSolution
		{5D4FABF3-0580-4263-B996-D711CC8064BE}.Debug|x64.ActiveCfg = Debug|x64
		{5D4FABF3-0580-4263-B996-D711CC8064BE}.Debug|x64.Build.0 = Debug|x64
		{5D4FABF3-0580-4263-B996-D711CC8064BE}.Debug|x86.ActiveCfg = Debug|Win32
		{5D4FABF3-0580-4263-B996-D711CC8064BE}.Debug|x86.Build.0 = Debug|Win32
		{5D4FABF3-0580-4263-B996-D711CC8064BE}.Release|x64.ActiveCfg = Release|x64
		{5D4FABF3-0580-4263-B996-D711CC8064BE}.Release|x64.Build.0 = Release|x64
		{5D4FABF3-0580-4263-B996-D711CC8064BE}.Release|x86.ActiveCfg = Release|Win32
		{5D4FABF3-0580-4263-B996-D711CC8064BE}.Release|x86.Build.0 = Release|Win32
		{7F443EDB-34C8-480F-A210-072357CEC8C9}.Debug|x64.ActiveCfg = Debug|x64
		{7F443EDB-34C8-480F-A210-072357CEC8C9}.Debug|x64.Build.0 = Debug|x64
		{7F443EDB-34C8-480F-A210-072357CEC8C9}.Debug|x86.ActiveCfg = Debug|Win32
		{7F443EDB-34C8-480F-A210-072357CEC8C9}.Debug|x86.Build.0 = Debug|Win32
		{7F443EDB-34C8-480F-A210-072357CEC8C9}.Release|x64.ActiveCfg = Release|x64
		{7F443EDB-34C8-480F-A210-072357CEC8C9}.Release|x64.Build.0 = Release|x64
		{7F443EDB-34C8-480F-A210-072357CEC8C9}.Release|x86.ActiveCfg = Release|Win32
		{7F443EDB-34C8-480F-A210-072357CEC8C9}.Release|x86.Build.0 = Release|Win32
	EndGlobalSection
	GlobalSection(SolutionProperties) = preSolution
		HideSolutionNode = FALSE
	EndGlobalSection
	GlobalSection(ExtensibilityGlobals) = postSolution
		SolutionGuid = {5BA3DA39-21DD-42B0-A2E9-C8ECBB418601}
	EndGlobalSection
	GlobalSection(Performance) = preSolution
		HasPerformanceSessions = true
	EndGlobalSection
	GlobalSection(Performance) = preSolution
		HasPerformanceSessions = true
	EndGlobalSection
	GlobalSection(Performance) = preSolution
		HasPerformanceSessions = true
	EndGlobalSection
	GlobalSection(Performance) = preSolution
		HasPerformanceSessions = true
	EndGlobalSection
	GlobalSection(Performance) = preSolution
		HasPerformanceSessions = true
	EndGlobalSection
	GlobalSection(Performance) = preSolution
		HasPerformanceSessions = true
	EndGlobalSection
	GlobalSection(Performance) = preSolution
		HasPerformanceSessions = true
	EndGlobalSection
	GlobalSection(Performance) = preSolution
		HasPerformanceSessions = true
	EndGlobalSection
	GlobalSection(Performance) = preSolution
		HasPerformanceSessions = true
	EndGlobalSection
EndGlobal
